
Microsoft Visual Studio Solution File, Format Version 12.00
# Visual Studio Version 17
VisualStudioVersion = 17.3.32922.545
MinimumVisualStudioVersion = 10.0.40219.1
Project("{FAE04EC0-301F-11D3-BF4B-00C04F79EFBC}") = "SurvivalTextAdventure", "SurvivalTextAdventure\SurvivalTextAdventure.csproj", "{DE1206E7-0D76-4636-A2CA-C77D17BF1843}"
EndProject
Global
	GlobalSection(SolutionConfigurationPlatforms) = preSolution
		Debug|Any CPU = Debug|Any CPU
		Release|Any CPU = Release|Any CPU
	EndGlobalSection
	GlobalSection(ProjectConfigurationPlatforms) = postSolution
		{DE1206E7-0D76-4636-A2CA-C77D17BF1843}.Debug|Any CPU.ActiveCfg = Debug|Any CPU
		{DE1206E7-0D76-4636-A2CA-C77D17BF1843}.Debug|Any CPU.Build.0 = Debug|Any CPU
		{DE1206E7-0D76-4636-A2CA-C77D17BF1843}.Release|Any CPU.ActiveCfg = Release|Any CPU
		{DE1206E7-0D76-4636-A2CA-C77D17BF1843}.Release|Any CPU.Build.0 = Release|Any CPU
	EndGlobalSection
	GlobalSection(SolutionProperties) = preSolution
		HideSolutionNode = FALSE
	EndGlobalSection
	GlobalSection(ExtensibilityGlobals) = postSolution
		SolutionGuid = {F3A0EA65-6044-4F62-9747-5880F449540B}
	EndGlobalSection
EndGlobal
